{
  "name": "@metacomdev/metacom",
  "version": "0.2.0",
  "lockfileVersion": 3,
  "requires": true,
  "packages": {
    "": {
      "name": "@metacomdev/metacom",
      "version": "0.2.0",
      "license": "MIT",
      "dependencies": {
        "metacom": "github:metarhia/metacom#41e8d16",
        "metautil": "^5.4.0"
      },
      "bin": {
        "metacom-server": "server.js"
      },
      "engines": {
        "node": ">=22"
      }
    },
    "node_modules/metacom": {
      "version": "3.2.6",
      "resolved": "git+ssh://git@github.com/metarhia/metacom.git#41e8d1663f9337037402e0f35b7578b243b95f61",
      "license": "MIT",
      "dependencies": {
        "metautil": "^5.4.0"
      },
      "engines": {
        "node": ">=22"
      },
      "funding": {
        "type": "patreon",
        "url": "https://www.patreon.com/tshemsedinov"
      }
    },
    "node_modules/metautil": {
      "version": "5.5.2",
      "resolved": "https://registry.npmjs.org/metautil/-/metautil-5.5.2.tgz",
      "integrity": "sha512-As5r3AhP0Sn/ilrs7PaSNDgN8fg+t82oKBg5zaCFeQ8YAA3P9ENNblN9ReU7yfqpyAF0FEVDihGcRxCJJXLH2w==",
      "license": "MIT",
      "engines": {
        "node": ">=18"
      },
      "funding": {
        "type": "patreon",
        "url": "https://www.patreon.com/tshemsedinov"
      }
    }
  }
}
