{
  "name": "metacom-hub",
  "version": "0.1.0",
  "lockfileVersion": 3,
  "requires": true,
  "packages": {
    "": {
      "name": "metacom-hub",
      "version": "0.1.0",
      "dependencies": {
        "metacom": "file:../metacom",
        "metautil": "^5.4.0"
      },
      "bin": {
        "metacom-hub": "server.js"
      },
      "engines": {
        "node": ">=22"
      }
    },
    "../metacom": {
      "version": "3.2.6",
      "license": "MIT",
      "dependencies": {
        "metautil": "^5.4.0"
      },
      "devDependencies": {
        "@types/node": "^25.9.3",
        "eslint": "^9.39.4",
        "eslint-config-metarhia": "^9.1.9",
        "metarhia-build": "^0.0.3",
        "prettier": "^3.8.4",
        "typescript": "^5.9.3"
      },
      "engines": {
        "node": ">=22"
      },
      "funding": {
        "type": "patreon",
        "url": "https://www.patreon.com/tshemsedinov"
      }
    },
    "node_modules/metacom": {
      "resolved": "../metacom",
      "link": true
    },
    "node_modules/metautil": {
      "version": "5.5.2",
      "resolved": "https://registry.npmjs.org/metautil/-/metautil-5.5.2.tgz",
      "integrity": "sha512-As5r3AhP0Sn/ilrs7PaSNDgN8fg+t82oKBg5zaCFeQ8YAA3P9ENNblN9ReU7yfqpyAF0FEVDihGcRxCJJXLH2w==",
      "license": "MIT",
      "engines": {
        "node": ">=18"
      },
      "funding": {
        "type": "patreon",
        "url": "https://www.patreon.com/tshemsedinov"
      }
    }
  }
}
